
Microsoft Visual Studio Solution File, Format Version 10.00
# Visual Studio 2008
Project("{FAE04EC0-301F-11D3-BF4B-00C04F79EFBC}") = "Exercice1", "Exercice1\Exercice1.csproj", "{63384FD9-C1F9-4F3E-B5B4-2DB4E0972765}"
EndProject
Project("{FAE04EC0-301F-11D3-BF4B-00C04F79EFBC}") = "Exercice2", "Exercice2\Exercice2.csproj", "{2885C59E-E6FC-4E8F-B92A-D3E85DEE407C}"
EndProject
Project("{FAE04EC0-301F-11D3-BF4B-00C04F79EFBC}") = "Exercice3", "Exercice3\Exercice3.csproj", "{11EDD5FA-EDB9-4457-9017-CC486F3B252C}"
EndProject
Project("{FAE04EC0-301F-11D3-BF4B-00C04F79EFBC}") = "Exercice4", "Exercice4\Exercice4.csproj", "{9F52A655-685A-44BF-8332-59BB7100063C}"
EndProject
Global
	GlobalSection(SolutionConfigurationPlatforms) = preSolution
		Debug|x86 = Debug|x86
		Release|x86 = Release|x86
	EndGlobalSection
	GlobalSection(ProjectConfigurationPlatforms) = postSolution
		{11EDD5FA-EDB9-4457-9017-CC486F3B252C}.Debug|x86.ActiveCfg = Debug|x86
		{11EDD5FA-EDB9-4457-9017-CC486F3B252C}.Debug|x86.Build.0 = Debug|x86
		{11EDD5FA-EDB9-4457-9017-CC486F3B252C}.Release|x86.ActiveCfg = Release|x86
		{11EDD5FA-EDB9-4457-9017-CC486F3B252C}.Release|x86.Build.0 = Release|x86
		{2885C59E-E6FC-4E8F-B92A-D3E85DEE407C}.Debug|x86.ActiveCfg = Debug|x86
		{2885C59E-E6FC-4E8F-B92A-D3E85DEE407C}.Debug|x86.Build.0 = Debug|x86
		{2885C59E-E6FC-4E8F-B92A-D3E85DEE407C}.Release|x86.ActiveCfg = Release|x86
		{2885C59E-E6FC-4E8F-B92A-D3E85DEE407C}.Release|x86.Build.0 = Release|x86
		{63384FD9-C1F9-4F3E-B5B4-2DB4E0972765}.Debug|x86.ActiveCfg = Debug|x86
		{63384FD9-C1F9-4F3E-B5B4-2DB4E0972765}.Debug|x86.Build.0 = Debug|x86
		{63384FD9-C1F9-4F3E-B5B4-2DB4E0972765}.Release|x86.ActiveCfg = Release|x86
		{63384FD9-C1F9-4F3E-B5B4-2DB4E0972765}.Release|x86.Build.0 = Release|x86
		{9F52A655-685A-44BF-8332-59BB7100063C}.Debug|x86.ActiveCfg = Debug|x86
		{9F52A655-685A-44BF-8332-59BB7100063C}.Debug|x86.Build.0 = Debug|x86
		{9F52A655-685A-44BF-8332-59BB7100063C}.Release|x86.ActiveCfg = Release|x86
		{9F52A655-685A-44BF-8332-59BB7100063C}.Release|x86.Build.0 = Release|x86
	EndGlobalSection
	GlobalSection(MonoDevelopProperties) = preSolution
		StartupItem = Exercice1\Exercice1.csproj
	EndGlobalSection
EndGlobal
