
Microsoft Visual Studio Solution File, Format Version 10.00
# Visual Studio 2008
Project("{FAE04EC0-301F-11D3-BF4B-00C04F79EFBC}") = "TD4_EXO2_Stategy", "TD4_EXO2_Stategy\TD4_EXO2_Stategy.csproj", "{F129B296-B476-4CF0-B4FB-C12D3FCA27DC}"
EndProject
Global
	GlobalSection(SolutionConfigurationPlatforms) = preSolution
		Debug|Any CPU = Debug|Any CPU
		Release|Any CPU = Release|Any CPU
	EndGlobalSection
	GlobalSection(ProjectConfigurationPlatforms) = postSolution
		{F129B296-B476-4CF0-B4FB-C12D3FCA27DC}.Debug|Any CPU.ActiveCfg = Debug|Any CPU
		{F129B296-B476-4CF0-B4FB-C12D3FCA27DC}.Debug|Any CPU.Build.0 = Debug|Any CPU
		{F129B296-B476-4CF0-B4FB-C12D3FCA27DC}.Release|Any CPU.ActiveCfg = Release|Any CPU
		{F129B296-B476-4CF0-B4FB-C12D3FCA27DC}.Release|Any CPU.Build.0 = Release|Any CPU
	EndGlobalSection
	GlobalSection(SolutionProperties) = preSolution
		HideSolutionNode = FALSE
	EndGlobalSection
EndGlobal
