
Microsoft Visual Studio Solution File, Format Version 10.00
# Visual Studio 2008
Project("{FAE04EC0-301F-11D3-BF4B-00C04F79EFBC}") = "Exercice1", "Exercice1\Exercice1.csproj", "{5694AB73-DD5E-4BDA-AD90-65139C511F67}"
EndProject
Project("{FAE04EC0-301F-11D3-BF4B-00C04F79EFBC}") = "Exercice2", "Exercice2\Exercice2.csproj", "{68F1350B-397F-4698-82D3-0E90804C9D38}"
EndProject
Project("{FAE04EC0-301F-11D3-BF4B-00C04F79EFBC}") = "Exercice3", "Exercice3\Exercice3.csproj", "{EC8C7533-2918-46C2-BACE-3D295BEDB923}"
EndProject
Project("{FAE04EC0-301F-11D3-BF4B-00C04F79EFBC}") = "Exercice4", "Exercice4\Exercice4.csproj", "{73415C6D-66B7-47BE-9E78-0ED0EB9387A7}"
EndProject
Project("{FAE04EC0-301F-11D3-BF4B-00C04F79EFBC}") = "Exercice5", "Exercice5\Exercice5.csproj", "{BD7C109C-48C1-4AEA-BE11-E06C2159080B}"
EndProject
Global
	GlobalSection(SolutionConfigurationPlatforms) = preSolution
		Debug|x86 = Debug|x86
		Release|x86 = Release|x86
	EndGlobalSection
	GlobalSection(ProjectConfigurationPlatforms) = postSolution
		{5694AB73-DD5E-4BDA-AD90-65139C511F67}.Debug|x86.ActiveCfg = Debug|x86
		{5694AB73-DD5E-4BDA-AD90-65139C511F67}.Debug|x86.Build.0 = Debug|x86
		{5694AB73-DD5E-4BDA-AD90-65139C511F67}.Release|x86.ActiveCfg = Release|x86
		{5694AB73-DD5E-4BDA-AD90-65139C511F67}.Release|x86.Build.0 = Release|x86
		{68F1350B-397F-4698-82D3-0E90804C9D38}.Debug|x86.ActiveCfg = Debug|x86
		{68F1350B-397F-4698-82D3-0E90804C9D38}.Debug|x86.Build.0 = Debug|x86
		{68F1350B-397F-4698-82D3-0E90804C9D38}.Release|x86.ActiveCfg = Release|x86
		{68F1350B-397F-4698-82D3-0E90804C9D38}.Release|x86.Build.0 = Release|x86
		{73415C6D-66B7-47BE-9E78-0ED0EB9387A7}.Debug|x86.ActiveCfg = Debug|x86
		{73415C6D-66B7-47BE-9E78-0ED0EB9387A7}.Debug|x86.Build.0 = Debug|x86
		{73415C6D-66B7-47BE-9E78-0ED0EB9387A7}.Release|x86.ActiveCfg = Release|x86
		{73415C6D-66B7-47BE-9E78-0ED0EB9387A7}.Release|x86.Build.0 = Release|x86
		{BD7C109C-48C1-4AEA-BE11-E06C2159080B}.Debug|x86.ActiveCfg = Debug|x86
		{BD7C109C-48C1-4AEA-BE11-E06C2159080B}.Debug|x86.Build.0 = Debug|x86
		{BD7C109C-48C1-4AEA-BE11-E06C2159080B}.Release|x86.ActiveCfg = Release|x86
		{BD7C109C-48C1-4AEA-BE11-E06C2159080B}.Release|x86.Build.0 = Release|x86
		{EC8C7533-2918-46C2-BACE-3D295BEDB923}.Debug|x86.ActiveCfg = Debug|x86
		{EC8C7533-2918-46C2-BACE-3D295BEDB923}.Debug|x86.Build.0 = Debug|x86
		{EC8C7533-2918-46C2-BACE-3D295BEDB923}.Release|x86.ActiveCfg = Release|x86
		{EC8C7533-2918-46C2-BACE-3D295BEDB923}.Release|x86.Build.0 = Release|x86
	EndGlobalSection
	GlobalSection(MonoDevelopProperties) = preSolution
		StartupItem = Exercice5\Exercice5.csproj
		Policies = $0
		$0.DotNetNamingPolicy = $1
		$1.DirectoryNamespaceAssociation = None
		$1.ResourceNamePolicy = FileFormatDefault
		$0.StandardHeader = $2
		$2.Text = 
		$2.inheritsSet = MITX11License
	EndGlobalSection
EndGlobal
