
Microsoft Visual Studio Solution File, Format Version 10.00
# Visual Studio 2008
Project("{FAE04EC0-301F-11D3-BF4B-00C04F79EFBC}") = "Exercice1", "Exercice1\Exercice1.csproj", "{B9E9C884-8D35-42B3-8336-A9F0E0E03EE9}"
EndProject
Project("{FAE04EC0-301F-11D3-BF4B-00C04F79EFBC}") = "Exercice1bis", "Exercice1bis\Exercice1bis.csproj", "{9230FE11-1D8D-431E-B9E4-68A088EC7F23}"
EndProject
Project("{FAE04EC0-301F-11D3-BF4B-00C04F79EFBC}") = "Exercice2", "Exercice2\Exercice2.csproj", "{309F1E6A-7FDE-4359-8681-123EC4A089CD}"
EndProject
Global
	GlobalSection(SolutionConfigurationPlatforms) = preSolution
		Debug|Any CPU = Debug|Any CPU
		Release|Any CPU = Release|Any CPU
	EndGlobalSection
	GlobalSection(ProjectConfigurationPlatforms) = postSolution
		{B9E9C884-8D35-42B3-8336-A9F0E0E03EE9}.Debug|Any CPU.ActiveCfg = Debug|Any CPU
		{B9E9C884-8D35-42B3-8336-A9F0E0E03EE9}.Debug|Any CPU.Build.0 = Debug|Any CPU
		{B9E9C884-8D35-42B3-8336-A9F0E0E03EE9}.Release|Any CPU.ActiveCfg = Release|Any CPU
		{B9E9C884-8D35-42B3-8336-A9F0E0E03EE9}.Release|Any CPU.Build.0 = Release|Any CPU
		{9230FE11-1D8D-431E-B9E4-68A088EC7F23}.Debug|Any CPU.ActiveCfg = Debug|Any CPU
		{9230FE11-1D8D-431E-B9E4-68A088EC7F23}.Debug|Any CPU.Build.0 = Debug|Any CPU
		{9230FE11-1D8D-431E-B9E4-68A088EC7F23}.Release|Any CPU.ActiveCfg = Release|Any CPU
		{9230FE11-1D8D-431E-B9E4-68A088EC7F23}.Release|Any CPU.Build.0 = Release|Any CPU
		{309F1E6A-7FDE-4359-8681-123EC4A089CD}.Debug|Any CPU.ActiveCfg = Debug|Any CPU
		{309F1E6A-7FDE-4359-8681-123EC4A089CD}.Debug|Any CPU.Build.0 = Debug|Any CPU
		{309F1E6A-7FDE-4359-8681-123EC4A089CD}.Release|Any CPU.ActiveCfg = Release|Any CPU
		{309F1E6A-7FDE-4359-8681-123EC4A089CD}.Release|Any CPU.Build.0 = Release|Any CPU
	EndGlobalSection
	GlobalSection(SolutionProperties) = preSolution
		HideSolutionNode = FALSE
	EndGlobalSection
EndGlobal
